
Microsoft Visual Studio Solution File, Format Version 12.00
# Visual Studio Version 17
VisualStudioVersion = 17.3.32825.248
MinimumVisualStudioVersion = 10.0.40219.1
Project("{54A90642-561A-4BB1-A94E-469ADEE60C69}") = "lab7", "lab7.esproj", "{DEBF0648-6AC8-4D41-BCF8-E3EADC2BD737}"
EndProject
Global
	GlobalSection(SolutionConfigurationPlatforms) = preSolution
		Debug|Any CPU = Debug|Any CPU
		Release|Any CPU = Release|Any CPU
	EndGlobalSection
	GlobalSection(ProjectConfigurationPlatforms) = postSolution
		{DEBF0648-6AC8-4D41-BCF8-E3EADC2BD737}.Debug|Any CPU.ActiveCfg = Debug|Any CPU
		{DEBF0648-6AC8-4D41-BCF8-E3EADC2BD737}.Debug|Any CPU.Build.0 = Debug|Any CPU
		{DEBF0648-6AC8-4D41-BCF8-E3EADC2BD737}.Debug|Any CPU.Deploy.0 = Debug|Any CPU
		{DEBF0648-6AC8-4D41-BCF8-E3EADC2BD737}.Release|Any CPU.ActiveCfg = Release|Any CPU
		{DEBF0648-6AC8-4D41-BCF8-E3EADC2BD737}.Release|Any CPU.Build.0 = Release|Any CPU
		{DEBF0648-6AC8-4D41-BCF8-E3EADC2BD737}.Release|Any CPU.Deploy.0 = Release|Any CPU
	EndGlobalSection
	GlobalSection(SolutionProperties) = preSolution
		HideSolutionNode = FALSE
	EndGlobalSection
	GlobalSection(ExtensibilityGlobals) = postSolution
		SolutionGuid = {5A3B848A-DE0A-4E64-8160-AE93B1B46C0F}
	EndGlobalSection
EndGlobal
